
Microsoft Visual Studio Solution File, Format Version 12.00
# Visual Studio Version 17
VisualStudioVersion = 17.14.36616.10 d17.14
MinimumVisualStudioVersion = 10.0.40219.1
Project("{FAE04EC0-301F-11D3-BF4B-00C04F79EFBC}") = "CRUD_OperationsInMVC", "CRUD_OperationsInMVC\CRUD_OperationsInMVC.csproj", "{250E863C-A94B-4A06-977A-98DAA2870293}"
EndProject
Global
	GlobalSection(SolutionConfigurationPlatforms) = preSolution
		Debug|Any CPU = Debug|Any CPU
		Release|Any CPU = Release|Any CPU
	EndGlobalSection
	GlobalSection(ProjectConfigurationPlatforms) = postSolution
		{250E863C-A94B-4A06-977A-98DAA2870293}.Debug|Any CPU.ActiveCfg = Debug|Any CPU
		{250E863C-A94B-4A06-977A-98DAA2870293}.Debug|Any CPU.Build.0 = Debug|Any CPU
		{250E863C-A94B-4A06-977A-98DAA2870293}.Release|Any CPU.ActiveCfg = Release|Any CPU
		{250E863C-A94B-4A06-977A-98DAA2870293}.Release|Any CPU.Build.0 = Release|Any CPU
	EndGlobalSection
	GlobalSection(SolutionProperties) = preSolution
		HideSolutionNode = FALSE
	EndGlobalSection
	GlobalSection(ExtensibilityGlobals) = postSolution
		SolutionGuid = {63B002E6-3ADD-473E-910B-3BBEFF269F50}
	EndGlobalSection
EndGlobal
